// !$*UTF8*$!
{
	archiveVersion = 1;
	classes = {
	};
	objectVersion = 50;
	objects = {

/* Begin PBXBuildFile section */
		400B9F912603B13B007F4EF0 /* CircleImage.swift in Sources */ = {isa = PBXBuildFile; fileRef = 400B9F902603B13B007F4EF0 /* CircleImage.swift */; };
		402777B82604E6E2006EB605 /* MapView.swift in Sources */ = {isa = PBXBuildFile; fileRef = 402777B72604E6E2006EB605 /* MapView.swift */; };
		402777C52604F63B006EB605 /* FavoriteButton.swift in Sources */ = {isa = PBXBuildFile; fileRef = 402777C42604F63B006EB605 /* FavoriteButton.swift */; };
		402777CA2604FA16006EB605 /* HexagonParameters.swift in Sources */ = {isa = PBXBuildFile; fileRef = 402777C92604FA16006EB605 /* HexagonParameters.swift */; };
		402777CD2604FA4C006EB605 /* BadgeBackground.swift in Sources */ = {isa = PBXBuildFile; fileRef = 402777CC2604FA4C006EB605 /* BadgeBackground.swift */; };
		402777D02604FB4A006EB605 /* BadgeSymbol.swift in Sources */ = {isa = PBXBuildFile; fileRef = 402777CF2604FB4A006EB605 /* BadgeSymbol.swift */; };
		402777D32604FB76006EB605 /* RotatedBadgeSymbol.swift in Sources */ = {isa = PBXBuildFile; fileRef = 402777D22604FB76006EB605 /* RotatedBadgeSymbol.swift */; };
		402777D62604FB94006EB605 /* Badge.swift in Sources */ = {isa = PBXBuildFile; fileRef = 402777D52604FB94006EB605 /* Badge.swift */; };
		406601B42603A79000643294 /* LandmarksApp.swift in Sources */ = {isa = PBXBuildFile; fileRef = 406601B32603A79000643294 /* LandmarksApp.swift */; };
		406601B82603A79200643294 /* Assets.xcassets in Resources */ = {isa = PBXBuildFile; fileRef = 406601B72603A79200643294 /* Assets.xcassets */; };
		406601BB2603A79200643294 /* Preview Assets.xcassets in Resources */ = {isa = PBXBuildFile; fileRef = 406601BA2603A79200643294 /* Preview Assets.xcassets */; };
		4081F07C2604EB1C009E01DF /* Landmark.swift in Sources */ = {isa = PBXBuildFile; fileRef = 4081F07B2604EB1C009E01DF /* Landmark.swift */; };
		4081F07F2604EB32009E01DF /* ModelData.swift in Sources */ = {isa = PBXBuildFile; fileRef = 4081F07E2604EB32009E01DF /* ModelData.swift */; };
		4081F0822604EB4C009E01DF /* landmarkData.json in Resources */ = {isa = PBXBuildFile; fileRef = 4081F0812604EB4C009E01DF /* landmarkData.json */; };
		4081F0882604EBB2009E01DF /* LandmarkRow.swift in Sources */ = {isa = PBXBuildFile; fileRef = 4081F0872604EBB2009E01DF /* LandmarkRow.swift */; };
		4081F0932604ED85009E01DF /* LandmarkList.swift in Sources */ = {isa = PBXBuildFile; fileRef = 4081F0922604ED85009E01DF /* LandmarkList.swift */; };
		4081F0962604EE39009E01DF /* LandmarkDetail.swift in Sources */ = {isa = PBXBuildFile; fileRef = 4081F0952604EE39009E01DF /* LandmarkDetail.swift */; };
		4081F09A2604F557009E01DF /* ContentView.swift in Sources */ = {isa = PBXBuildFile; fileRef = 4081F0992604F557009E01DF /* ContentView.swift */; };
/* End PBXBuildFile section */

/* Begin PBXFileReference section */
		400B9F902603B13B007F4EF0 /* CircleImage.swift */ = {isa = PBXFileReference; lastKnownFileType = sourcecode.swift; path = CircleImage.swift; sourceTree = "<group>"; };
		402777B72604E6E2006EB605 /* MapView.swift */ = {isa = PBXFileReference; lastKnownFileType = sourcecode.swift; path = MapView.swift; sourceTree = "<group>"; };
		402777C42604F63B006EB605 /* FavoriteButton.swift */ = {isa = PBXFileReference; lastKnownFileType = sourcecode.swift; path = FavoriteButton.swift; sourceTree = "<group>"; };
		402777C92604FA16006EB605 /* HexagonParameters.swift */ = {isa = PBXFileReference; lastKnownFileType = sourcecode.swift; path = HexagonParameters.swift; sourceTree = "<group>"; };
		402777CC2604FA4C006EB605 /* BadgeBackground.swift */ = {isa = PBXFileReference; lastKnownFileType = sourcecode.swift; path = BadgeBackground.swift; sourceTree = "<group>"; };
		402777CF2604FB4A006EB605 /* BadgeSymbol.swift */ = {isa = PBXFileReference; lastKnownFileType = sourcecode.swift; path = BadgeSymbol.swift; sourceTree = "<group>"; };
		402777D22604FB76006EB605 /* RotatedBadgeSymbol.swift */ = {isa = PBXFileReference; lastKnownFileType = sourcecode.swift; path = RotatedBadgeSymbol.swift; sourceTree = "<group>"; };
		402777D52604FB94006EB605 /* Badge.swift */ = {isa = PBXFileReference; lastKnownFileType = sourcecode.swift; path = Badge.swift; sourceTree = "<group>"; };
		406601B02603A79000643294 /* Landmarks.app */ = {isa = PBXFileReference; explicitFileType = wrapper.application; includeInIndex = 0; path = Landmarks.app; sourceTree = BUILT_PRODUCTS_DIR; };
		406601B32603A79000643294 /* LandmarksApp.swift */ = {isa = PBXFileReference; lastKnownFileType = sourcecode.swift; path = LandmarksApp.swift; sourceTree = "<group>"; };
		406601B72603A79200643294 /* Assets.xcassets */ = {isa = PBXFileReference; lastKnownFileType = folder.assetcatalog; path = Assets.xcassets; sourceTree = "<group>"; };
		406601BA2603A79200643294 /* Preview Assets.xcassets */ = {isa = PBXFileReference; lastKnownFileType = folder.assetcatalog; path = "Preview Assets.xcassets"; sourceTree = "<group>"; };
		406601BC2603A79200643294 /* Info.plist */ = {isa = PBXFileReference; lastKnownFileType = text.plist.xml; path = Info.plist; sourceTree = "<group>"; };
		4081F07B2604EB1C009E01DF /* Landmark.swift */ = {isa = PBXFileReference; lastKnownFileType = sourcecode.swift; path = Landmark.swift; sourceTree = "<group>"; };
		4081F07E2604EB32009E01DF /* ModelData.swift */ = {isa = PBXFileReference; lastKnownFileType = sourcecode.swift; path = ModelData.swift; sourceTree = "<group>"; };
		4081F0812604EB4C009E01DF /* landmarkData.json */ = {isa = PBXFileReference; fileEncoding = 4; lastKnownFileType = text.json; path = landmarkData.json; sourceTree = "<group>"; };
		4081F0872604EBB2009E01DF /* LandmarkRow.swift */ = {isa = PBXFileReference; lastKnownFileType = sourcecode.swift; path = LandmarkRow.swift; sourceTree = "<group>"; };
		4081F0922604ED85009E01DF /* LandmarkList.swift */ = {isa = PBXFileReference; lastKnownFileType = sourcecode.swift; path = LandmarkList.swift; sourceTree = "<group>"; };
		4081F0952604EE39009E01DF /* LandmarkDetail.swift */ = {isa = PBXFileReference; lastKnownFileType = sourcecode.swift; path = LandmarkDetail.swift; sourceTree = "<group>"; };
		4081F0992604F557009E01DF /* ContentView.swift */ = {isa = PBXFileReference; lastKnownFileType = sourcecode.swift; path = ContentView.swift; sourceTree = "<group>"; };
/* End PBXFileReference section */

/* Begin PBXFrameworksBuildPhase section */
		406601AD2603A79000643294 /* Frameworks */ = {
			isa = PBXFrameworksBuildPhase;
			buildActionMask = 2147483647;
			files = (
			);
			runOnlyForDeploymentPostprocessing = 0;
		};
/* End PBXFrameworksBuildPhase section */

/* Begin PBXGroup section */
		402777C72604F68A006EB605 /* Landmarks */ = {
			isa = PBXGroup;
			children = (
				4081F0872604EBB2009E01DF /* LandmarkRow.swift */,
				4081F0922604ED85009E01DF /* LandmarkList.swift */,
				4081F0952604EE39009E01DF /* LandmarkDetail.swift */,
				402777C92604FA16006EB605 /* HexagonParameters.swift */,
			);
			path = Landmarks;
			sourceTree = "<group>";
		};
		402777C82604F696006EB605 /* Helpers */ = {
			isa = PBXGroup;
			children = (
				400B9F902603B13B007F4EF0 /* CircleImage.swift */,
				402777B72604E6E2006EB605 /* MapView.swift */,
				402777C42604F63B006EB605 /* FavoriteButton.swift */,
			);
			path = Helpers;
			sourceTree = "<group>";
		};
		402777D82604FBF5006EB605 /* Badges */ = {
			isa = PBXGroup;
			children = (
				402777CC2604FA4C006EB605 /* BadgeBackground.swift */,
				402777CF2604FB4A006EB605 /* BadgeSymbol.swift */,
				402777D22604FB76006EB605 /* RotatedBadgeSymbol.swift */,
				402777D52604FB94006EB605 /* Badge.swift */,
			);
			path = Badges;
			sourceTree = "<group>";
		};
		406601A72603A79000643294 = {
			isa = PBXGroup;
			children = (
				406601B22603A79000643294 /* Landmarks */,
				406601B12603A79000643294 /* Products */,
			);
			sourceTree = "<group>";
		};
		406601B12603A79000643294 /* Products */ = {
			isa = PBXGroup;
			children = (
				406601B02603A79000643294 /* Landmarks.app */,
			);
			name = Products;
			sourceTree = "<group>";
		};
		406601B22603A79000643294 /* Landmarks */ = {
			isa = PBXGroup;
			children = (
				4081F0862604EB8B009E01DF /* Model */,
				4081F0852604EB81009E01DF /* Views */,
				4081F0842604EB79009E01DF /* Resurces */,
				406601B32603A79000643294 /* LandmarksApp.swift */,
				406601B72603A79200643294 /* Assets.xcassets */,
				406601BC2603A79200643294 /* Info.plist */,
				406601B92603A79200643294 /* Preview Content */,
			);
			path = Landmarks;
			sourceTree = "<group>";
		};
		406601B92603A79200643294 /* Preview Content */ = {
			isa = PBXGroup;
			children = (
				406601BA2603A79200643294 /* Preview Assets.xcassets */,
			);
			path = "Preview Content";
			sourceTree = "<group>";
		};
		4081F0842604EB79009E01DF /* Resurces */ = {
			isa = PBXGroup;
			children = (
				4081F0812604EB4C009E01DF /* landmarkData.json */,
			);
			path = Resurces;
			sourceTree = "<group>";
		};
		4081F0852604EB81009E01DF /* Views */ = {
			isa = PBXGroup;
			children = (
				4081F0992604F557009E01DF /* ContentView.swift */,
				402777C82604F696006EB605 /* Helpers */,
				402777C72604F68A006EB605 /* Landmarks */,
				402777D82604FBF5006EB605 /* Badges */,
			);
			path = Views;
			sourceTree = "<group>";
		};
		4081F0862604EB8B009E01DF /* Model */ = {
			isa = PBXGroup;
			children = (
				4081F07B2604EB1C009E01DF /* Landmark.swift */,
				4081F07E2604EB32009E01DF /* ModelData.swift */,
			);
			path = Model;
			sourceTree = "<group>";
		};
/* End PBXGroup section */

/* Begin PBXNativeTarget section */
		406601AF2603A79000643294 /* Landmarks */ = {
			isa = PBXNativeTarget;
			buildConfigurationList = 406601BF2603A79200643294 /* Build configuration list for PBXNativeTarget "Landmarks" */;
			buildPhases = (
				406601AC2603A79000643294 /* Sources */,
				406601AD2603A79000643294 /* Frameworks */,
				406601AE2603A79000643294 /* Resources */,
			);
			buildRules = (
			);
			dependencies = (
			);
			name = Landmarks;
			productName = Landmarks;
			productReference = 406601B02603A79000643294 /* Landmarks.app */;
			productType = "com.apple.product-type.application";
		};
/* End PBXNativeTarget section */

/* Begin PBXProject section */
		406601A82603A79000643294 /* Project object */ = {
			isa = PBXProject;
			attributes = {
				LastSwiftUpdateCheck = 1240;
				LastUpgradeCheck = 1240;
				TargetAttributes = {
					406601AF2603A79000643294 = {
						CreatedOnToolsVersion = 12.4;
					};
				};
			};
			buildConfigurationList = 406601AB2603A79000643294 /* Build configuration list for PBXProject "Landmarks" */;
			compatibilityVersion = "Xcode 9.3";
			developmentRegion = en;
			hasScannedForEncodings = 0;
			knownRegions = (
				en,
				Base,
			);
			mainGroup = 406601A72603A79000643294;
			productRefGroup = 406601B12603A79000643294 /* Products */;
			projectDirPath = "";
			projectRoot = "";
			targets = (
				406601AF2603A79000643294 /* Landmarks */,
			);
		};
/* End PBXProject section */

/* Begin PBXResourcesBuildPhase section */
		406601AE2603A79000643294 /* Resources */ = {
			isa = PBXResourcesBuildPhase;
			buildActionMask = 2147483647;
			files = (
				406601BB2603A79200643294 /* Preview Assets.xcassets in Resources */,
				406601B82603A79200643294 /* Assets.xcassets in Resources */,
				4081F0822604EB4C009E01DF /* landmarkData.json in Resources */,
			);
			runOnlyForDeploymentPostprocessing = 0;
		};
/* End PBXResourcesBuildPhase section */

/* Begin PBXSourcesBuildPhase section */
		406601AC2603A79000643294 /* Sources */ = {
			isa = PBXSourcesBuildPhase;
			buildActionMask = 2147483647;
			files = (
				402777B82604E6E2006EB605 /* MapView.swift in Sources */,
				402777D62604FB94006EB605 /* Badge.swift in Sources */,
				406601B42603A79000643294 /* LandmarksApp.swift in Sources */,
				4081F0932604ED85009E01DF /* LandmarkList.swift in Sources */,
				402777C52604F63B006EB605 /* FavoriteButton.swift in Sources */,
				402777CA2604FA16006EB605 /* HexagonParameters.swift in Sources */,
				402777D32604FB76006EB605 /* RotatedBadgeSymbol.swift in Sources */,
				402777D02604FB4A006EB605 /* BadgeSymbol.swift in Sources */,
				4081F0962604EE39009E01DF /* LandmarkDetail.swift in Sources */,
				400B9F912603B13B007F4EF0 /* CircleImage.swift in Sources */,
				402777CD2604FA4C006EB605 /* BadgeBackground.swift in Sources */,
				4081F09A2604F557009E01DF /* ContentView.swift in Sources */,
				4081F07C2604EB1C009E01DF /* Landmark.swift in Sources */,
				4081F0882604EBB2009E01DF /* LandmarkRow.swift in Sources */,
				4081F07F2604EB32009E01DF /* ModelData.swift in Sources */,
			);
			runOnlyForDeploymentPostprocessing = 0;
		};
/* End PBXSourcesBuildPhase section */

/* Begin XCBuildConfiguration section */
		406601BD2603A79200643294 /* Debug */ = {
			isa = XCBuildConfiguration;
			buildSettings = {
				ALWAYS_SEARCH_USER_PATHS = NO;
				CLANG_ANALYZER_NONNULL = YES;
				CLANG_ANALYZER_NUMBER_OBJECT_CONVERSION = YES_AGGRESSIVE;
				CLANG_CXX_LANGUAGE_STANDARD = "gnu++14";
				CLANG_CXX_LIBRARY = "libc++";
				CLANG_ENABLE_MODULES = YES;
				CLANG_ENABLE_OBJC_ARC = YES;
				CLANG_ENABLE_OBJC_WEAK = YES;
				CLANG_WARN_BLOCK_CAPTURE_AUTORELEASING = YES;
				CLANG_WARN_BOOL_CONVERSION = YES;
				CLANG_WARN_COMMA = YES;
				CLANG_WARN_CONSTANT_CONVERSION = YES;
				CLANG_WARN_DEPRECATED_OBJC_IMPLEMENTATIONS = YES;
				CLANG_WARN_DIRECT_OBJC_ISA_USAGE = YES_ERROR;
				CLANG_WARN_DOCUMENTATION_COMMENTS = YES;
				CLANG_WARN_EMPTY_BODY = YES;
				CLANG_WARN_ENUM_CONVERSION = YES;
				CLANG_WARN_INFINITE_RECURSION = YES;
				CLANG_WARN_INT_CONVERSION = YES;
				CLANG_WARN_NON_LITERAL_NULL_CONVERSION = YES;
				CLANG_WARN_OBJC_IMPLICIT_RETAIN_SELF = YES;
				CLANG_WARN_OBJC_LITERAL_CONVERSION = YES;
				CLANG_WARN_OBJC_ROOT_CLASS = YES_ERROR;
				CLANG_WARN_QUOTED_INCLUDE_IN_FRAMEWORK_HEADER = YES;
				CLANG_WARN_RANGE_LOOP_ANALYSIS = YES;
				CLANG_WARN_STRICT_PROTOTYPES = YES;
				CLANG_WARN_SUSPICIOUS_MOVE = YES;
				CLANG_WARN_UNGUARDED_AVAILABILITY = YES_AGGRESSIVE;
				CLANG_WARN_UNREACHABLE_CODE = YES;
				CLANG_WARN__DUPLICATE_METHOD_MATCH = YES;
				COPY_PHASE_STRIP = NO;
				DEBUG_INFORMATION_FORMAT = dwarf;
				ENABLE_STRICT_OBJC_MSGSEND = YES;
				ENABLE_TESTABILITY = YES;
				GCC_C_LANGUAGE_STANDARD = gnu11;
				GCC_DYNAMIC_NO_PIC = NO;
				GCC_NO_COMMON_BLOCKS = YES;
				GCC_OPTIMIZATION_LEVEL = 0;
				GCC_PREPROCESSOR_DEFINITIONS = (
					"DEBUG=1",
					"$(inherited)",
				);
				GCC_WARN_64_TO_32_BIT_CONVERSION = YES;
				GCC_WARN_ABOUT_RETURN_TYPE = YES_ERROR;
				GCC_WARN_UNDECLARED_SELECTOR = YES;
				GCC_WARN_UNINITIALIZED_AUTOS = YES_AGGRESSIVE;
				GCC_WARN_UNUSED_FUNCTION = YES;
				GCC_WARN_UNUSED_VARIABLE = YES;
				IPHONEOS_DEPLOYMENT_TARGET = 14.4;
				MTL_ENABLE_DEBUG_INFO = INCLUDE_SOURCE;
				MTL_FAST_MATH = YES;
				ONLY_ACTIVE_ARCH = YES;
				SDKROOT = iphoneos;
				SWIFT_ACTIVE_COMPILATION_CONDITIONS = DEBUG;
				SWIFT_OPTIMIZATION_LEVEL = "-Onone";
			};
			name = Debug;
		};
		406601BE2603A79200643294 /* Release */ = {
			isa = XCBuildConfiguration;
			buildSettings = {
				ALWAYS_SEARCH_USER_PATHS = NO;
				CLANG_ANALYZER_NONNULL = YES;
				CLANG_ANALYZER_NUMBER_OBJECT_CONVERSION = YES_AGGRESSIVE;
				CLANG_CXX_LANGUAGE_STANDARD = "gnu++14";
				CLANG_CXX_LIBRARY = "libc++";
				CLANG_ENABLE_MODULES = YES;
				CLANG_ENABLE_OBJC_ARC = YES;
				CLANG_ENABLE_OBJC_WEAK = YES;
				CLANG_WARN_BLOCK_CAPTURE_AUTORELEASING = YES;
				CLANG_WARN_BOOL_CONVERSION = YES;
				CLANG_WARN_COMMA = YES;
				CLANG_WARN_CONSTANT_CONVERSION = YES;
				CLANG_WARN_DEPRECATED_OBJC_IMPLEMENTATIONS = YES;
				CLANG_WARN_DIRECT_OBJC_ISA_USAGE = YES_ERROR;
				CLANG_WARN_DOCUMENTATION_COMMENTS = YES;
				CLANG_WARN_EMPTY_BODY = YES;
				CLANG_WARN_ENUM_CONVERSION = YES;
				CLANG_WARN_INFINITE_RECURSION = YES;
				CLANG_WARN_INT_CONVERSION = YES;
				CLANG_WARN_NON_LITERAL_NULL_CONVERSION = YES;
				CLANG_WARN_OBJC_IMPLICIT_RETAIN_SELF = YES;
				CLANG_WARN_OBJC_LITERAL_CONVERSION = YES;
				CLANG_WARN_OBJC_ROOT_CLASS = YES_ERROR;
				CLANG_WARN_QUOTED_INCLUDE_IN_FRAMEWORK_HEADER = YES;
				CLANG_WARN_RANGE_LOOP_ANALYSIS = YES;
				CLANG_WARN_STRICT_PROTOTYPES = YES;
				CLANG_WARN_SUSPICIOUS_MOVE = YES;
				CLANG_WARN_UNGUARDED_AVAILABILITY = YES_AGGRESSIVE;
				CLANG_WARN_UNREACHABLE_CODE = YES;
				CLANG_WARN__DUPLICATE_METHOD_MATCH = YES;
				COPY_PHASE_STRIP = NO;
				DEBUG_INFORMATION_FORMAT = "dwarf-with-dsym";
				ENABLE_NS_ASSERTIONS = NO;
				ENABLE_STRICT_OBJC_MSGSEND = YES;
				GCC_C_LANGUAGE_STANDARD = gnu11;
				GCC_NO_COMMON_BLOCKS = YES;
				GCC_WARN_64_TO_32_BIT_CONVERSION = YES;
				GCC_WARN_ABOUT_RETURN_TYPE = YES_ERROR;
				GCC_WARN_UNDECLARED_SELECTOR = YES;
				GCC_WARN_UNINITIALIZED_AUTOS = YES_AGGRESSIVE;
				GCC_WARN_UNUSED_FUNCTION = YES;
				GCC_WARN_UNUSED_VARIABLE = YES;
				IPHONEOS_DEPLOYMENT_TARGET = 14.4;
				MTL_ENABLE_DEBUG_INFO = NO;
				MTL_FAST_MATH = YES;
				SDKROOT = iphoneos;
				SWIFT_COMPILATION_MODE = wholemodule;
				SWIFT_OPTIMIZATION_LEVEL = "-O";
				VALIDATE_PRODUCT = YES;
			};
			name = Release;
		};
		406601C02603A79200643294 /* Debug */ = {
			isa = XCBuildConfiguration;
			buildSettings = {
				ASSETCATALOG_COMPILER_APPICON_NAME = AppIcon;
				ASSETCATALOG_COMPILER_GLOBAL_ACCENT_COLOR_NAME = AccentColor;
				CODE_SIGN_STYLE = Automatic;
				DEVELOPMENT_ASSET_PATHS = "\"Landmarks/Preview Content\"";
				ENABLE_PREVIEWS = YES;
				INFOPLIST_FILE = Landmarks/Info.plist;
				IPHONEOS_DEPLOYMENT_TARGET = 14.0;
				LD_RUNPATH_SEARCH_PATHS = (
					"$(inherited)",
					"@executable_path/Frameworks",
				);
				PRODUCT_BUNDLE_IDENTIFIER = com.miquido.Landmarks;
				PRODUCT_NAME = "$(TARGET_NAME)";
				SWIFT_VERSION = 5.0;
				TARGETED_DEVICE_FAMILY = "1,2";
			};
			name = Debug;
		};
		406601C12603A79200643294 /* Release */ = {
			isa = XCBuildConfiguration;
			buildSettings = {
				ASSETCATALOG_COMPILER_APPICON_NAME = AppIcon;
				ASSETCATALOG_COMPILER_GLOBAL_ACCENT_COLOR_NAME = AccentColor;
				CODE_SIGN_STYLE = Automatic;
				DEVELOPMENT_ASSET_PATHS = "\"Landmarks/Preview Content\"";
				ENABLE_PREVIEWS = YES;
				INFOPLIST_FILE = Landmarks/Info.plist;
				IPHONEOS_DEPLOYMENT_TARGET = 14.0;
				LD_RUNPATH_SEARCH_PATHS = (
					"$(inherited)",
					"@executable_path/Frameworks",
				);
				PRODUCT_BUNDLE_IDENTIFIER = com.miquido.Landmarks;
				PRODUCT_NAME = "$(TARGET_NAME)";
				SWIFT_VERSION = 5.0;
				TARGETED_DEVICE_FAMILY = "1,2";
			};
			name = Release;
		};
/* End XCBuildConfiguration section */

/* Begin XCConfigurationList section */
		406601AB2603A79000643294 /* Build configuration list for PBXProject "Landmarks" */ = {
			isa = XCConfigurationList;
			buildConfigurations = (
				406601BD2603A79200643294 /* Debug */,
				406601BE2603A79200643294 /* Release */,
			);
			defaultConfigurationIsVisible = 0;
			defaultConfigurationName = Release;
		};
		406601BF2603A79200643294 /* Build configuration list for PBXNativeTarget "Landmarks" */ = {
			isa = XCConfigurationList;
			buildConfigurations = (
				406601C02603A79200643294 /* Debug */,
				406601C12603A79200643294 /* Release */,
			);
			defaultConfigurationIsVisible = 0;
			defaultConfigurationName = Release;
		};
/* End XCConfigurationList section */
	};
	rootObject = 406601A82603A79000643294 /* Project object */;
}
